// !$*UTF8*$!
{
	archiveVersion = 1;
	classes = {
	};
	objectVersion = 77;
	objects = {

/* Begin PBXBuildFile section */
		A1B2C3D4E5F6A1B2C3D40004 /* VivoKit in Frameworks */ = {isa = PBXBuildFile; productRef = A1B2C3D4E5F6A1B2C3D40002 /* VivoKit */; };
		A1B2C3D4E5F6A1B2C3D40005 /* VivoKit in Frameworks */ = {isa = PBXBuildFile; productRef = A1B2C3D4E5F6A1B2C3D40003 /* VivoKit */; };
		C289A4AFB8854C44B600B66D /* vivobodyWidgets.appex in Embed App Extensions */ = {isa = PBXBuildFile; fileRef = 67F2DBE5F8214A8F82FC470B /* vivobodyWidgets.appex */; settings = {ATTRIBUTES = (RemoveHeadersOnCopy, ); }; };
/* End PBXBuildFile section */

/* Begin PBXContainerItemProxy section */
		2C5296B6FFE84908A6ACAC63 /* PBXContainerItemProxy */ = {
			isa = PBXContainerItemProxy;
			containerPortal = 781FC19A2FBB8CC000EE0477 /* Project object */;
			proxyType = 1;
			remoteGlobalIDString = F62DDA2F8BF844CABA5A477F;
			remoteInfo = vivobodyWidgets;
		};
		781FC1B42FBB8CC200EE0477 /* PBXContainerItemProxy */ = {
			isa = PBXContainerItemProxy;
			containerPortal = 781FC19A2FBB8CC000EE0477 /* Project object */;
			proxyType = 1;
			remoteGlobalIDString = 781FC1A12FBB8CC000EE0477;
			remoteInfo = vivobody;
		};
		781FC1BE2FBB8CC200EE0477 /* PBXContainerItemProxy */ = {
			isa = PBXContainerItemProxy;
			containerPortal = 781FC19A2FBB8CC000EE0477 /* Project object */;
			proxyType = 1;
			remoteGlobalIDString = 781FC1A12FBB8CC000EE0477;
			remoteInfo = vivobody;
		};
/* End PBXContainerItemProxy section */

/* Begin PBXCopyFilesBuildPhase section */
		E6D106A3A0C04D76A94D2A46 /* Embed App Extensions */ = {
			isa = PBXCopyFilesBuildPhase;
			buildActionMask = 2147483647;
			dstPath = "";
			dstSubfolderSpec = 13;
			files = (
				C289A4AFB8854C44B600B66D /* vivobodyWidgets.appex in Embed App Extensions */,
			);
			name = "Embed App Extensions";
			runOnlyForDeploymentPostprocessing = 0;
		};
/* End PBXCopyFilesBuildPhase section */

/* Begin PBXFileReference section */
		67F2DBE5F8214A8F82FC470B /* vivobodyWidgets.appex */ = {isa = PBXFileReference; explicitFileType = "wrapper.app-extension"; includeInIndex = 0; path = vivobodyWidgets.appex; sourceTree = BUILT_PRODUCTS_DIR; };
		781FC1A22FBB8CC000EE0477 /* vivobody.app */ = {isa = PBXFileReference; explicitFileType = wrapper.application; includeInIndex = 0; path = vivobody.app; sourceTree = BUILT_PRODUCTS_DIR; };
		781FC1B32FBB8CC200EE0477 /* vivobodyTests.xctest */ = {isa = PBXFileReference; explicitFileType = wrapper.cfbundle; includeInIndex = 0; path = vivobodyTests.xctest; sourceTree = BUILT_PRODUCTS_DIR; };
		781FC1BD2FBB8CC200EE0477 /* vivobodyUITests.xctest */ = {isa = PBXFileReference; explicitFileType = wrapper.cfbundle; includeInIndex = 0; path = vivobodyUITests.xctest; sourceTree = BUILT_PRODUCTS_DIR; };
		E1F2A3B4C5D6E7F8A9B0C1D2 /* Shared.xcconfig */ = {isa = PBXFileReference; fileEncoding = 4; lastKnownFileType = text.xcconfig; path = Shared.xcconfig; sourceTree = "<group>"; };
/* End PBXFileReference section */

/* Begin PBXFileSystemSynchronizedBuildFileExceptionSet section */
		272620534107454880249136 /* Exceptions for "vivobodyWidgets" folder in "vivobodyWidgets" target */ = {
			isa = PBXFileSystemSynchronizedBuildFileExceptionSet;
			membershipExceptions = (
				Info.plist,
			);
			target = F62DDA2F8BF844CABA5A477F /* vivobodyWidgets */;
		};
		781FC1C52FBB8CC200EE0477 /* Exceptions for "vivobody" folder in "vivobody" target */ = {
			isa = PBXFileSystemSynchronizedBuildFileExceptionSet;
			membershipExceptions = (
				Info.plist,
			);
			target = 781FC1A12FBB8CC000EE0477 /* vivobody */;
		};
/* End PBXFileSystemSynchronizedBuildFileExceptionSet section */

/* Begin PBXFileSystemSynchronizedRootGroup section */
		33EBD939611D487DBC7134F4 /* vivobodyWidgets */ = {
			isa = PBXFileSystemSynchronizedRootGroup;
			exceptions = (
				272620534107454880249136 /* Exceptions for "vivobodyWidgets" folder in "vivobodyWidgets" target */,
			);
			path = vivobodyWidgets;
			sourceTree = "<group>";
		};
		781FC1A42FBB8CC000EE0477 /* vivobody */ = {
			isa = PBXFileSystemSynchronizedRootGroup;
			exceptions = (
				781FC1C52FBB8CC200EE0477 /* Exceptions for "vivobody" folder in "vivobody" target */,
			);
			path = vivobody;
			sourceTree = "<group>";
		};
		781FC1B62FBB8CC200EE0477 /* vivobodyTests */ = {
			isa = PBXFileSystemSynchronizedRootGroup;
			path = vivobodyTests;
			sourceTree = "<group>";
		};
		781FC1C02FBB8CC200EE0477 /* vivobodyUITests */ = {
			isa = PBXFileSystemSynchronizedRootGroup;
			path = vivobodyUITests;
			sourceTree = "<group>";
		};
/* End PBXFileSystemSynchronizedRootGroup section */

/* Begin PBXFrameworksBuildPhase section */
		781FC19F2FBB8CC000EE0477 /* Frameworks */ = {
			isa = PBXFrameworksBuildPhase;
			buildActionMask = 2147483647;
			files = (
				A1B2C3D4E5F6A1B2C3D40004 /* VivoKit in Frameworks */,
			);
			runOnlyForDeploymentPostprocessing = 0;
		};
		781FC1B02FBB8CC200EE0477 /* Frameworks */ = {
			isa = PBXFrameworksBuildPhase;
			buildActionMask = 2147483647;
			files = (
			);
			runOnlyForDeploymentPostprocessing = 0;
		};
		781FC1BA2FBB8CC200EE0477 /* Frameworks */ = {
			isa = PBXFrameworksBuildPhase;
			buildActionMask = 2147483647;
			files = (
			);
			runOnlyForDeploymentPostprocessing = 0;
		};
		B03FB967DA07472DBE11DE18 /* Frameworks */ = {
			isa = PBXFrameworksBuildPhase;
			buildActionMask = 2147483647;
			files = (
				A1B2C3D4E5F6A1B2C3D40005 /* VivoKit in Frameworks */,
			);
			runOnlyForDeploymentPostprocessing = 0;
		};
/* End PBXFrameworksBuildPhase section */

/* Begin PBXGroup section */
		781FC1992FBB8CC000EE0477 = {
			isa = PBXGroup;
			children = (
				E1F2A3B4C5D6E7F8A9B0C1D2 /* Shared.xcconfig */,
				781FC1A42FBB8CC000EE0477 /* vivobody */,
				33EBD939611D487DBC7134F4 /* vivobodyWidgets */,
				781FC1B62FBB8CC200EE0477 /* vivobodyTests */,
				781FC1C02FBB8CC200EE0477 /* vivobodyUITests */,
				781FC1A32FBB8CC000EE0477 /* Products */,
			);
			sourceTree = "<group>";
		};
		781FC1A32FBB8CC000EE0477 /* Products */ = {
			isa = PBXGroup;
			children = (
				781FC1A22FBB8CC000EE0477 /* vivobody.app */,
				67F2DBE5F8214A8F82FC470B /* vivobodyWidgets.appex */,
				781FC1B32FBB8CC200EE0477 /* vivobodyTests.xctest */,
				781FC1BD2FBB8CC200EE0477 /* vivobodyUITests.xctest */,
			);
			name = Products;
			sourceTree = "<group>";
		};
/* End PBXGroup section */

/* Begin PBXNativeTarget section */
		781FC1A12FBB8CC000EE0477 /* vivobody */ = {
			isa = PBXNativeTarget;
			buildConfigurationList = 781FC1C62FBB8CC200EE0477 /* Build configuration list for PBXNativeTarget "vivobody" */;
			buildPhases = (
				781FC19E2FBB8CC000EE0477 /* Sources */,
				781FC19F2FBB8CC000EE0477 /* Frameworks */,
				781FC1A02FBB8CC000EE0477 /* Resources */,
				E6D106A3A0C04D76A94D2A46 /* Embed App Extensions */,
			);
			buildRules = (
			);
			dependencies = (
				96B98A14C16E477F99B5A6E0 /* PBXTargetDependency */,
			);
			fileSystemSynchronizedGroups = (
				781FC1A42FBB8CC000EE0477 /* vivobody */,
			);
			name = vivobody;
			packageProductDependencies = (
				A1B2C3D4E5F6A1B2C3D40002 /* VivoKit */,
			);
			productName = vivobody;
			productReference = 781FC1A22FBB8CC000EE0477 /* vivobody.app */;
			productType = "com.apple.product-type.application";
		};
		781FC1B22FBB8CC200EE0477 /* vivobodyTests */ = {
			isa = PBXNativeTarget;
			buildConfigurationList = 781FC1CB2FBB8CC200EE0477 /* Build configuration list for PBXNativeTarget "vivobodyTests" */;
			buildPhases = (
				781FC1AF2FBB8CC200EE0477 /* Sources */,
				781FC1B02FBB8CC200EE0477 /* Frameworks */,
				781FC1B12FBB8CC200EE0477 /* Resources */,
			);
			buildRules = (
			);
			dependencies = (
				781FC1B52FBB8CC200EE0477 /* PBXTargetDependency */,
			);
			fileSystemSynchronizedGroups = (
				781FC1B62FBB8CC200EE0477 /* vivobodyTests */,
			);
			name = vivobodyTests;
			packageProductDependencies = (
			);
			productName = vivobodyTests;
			productReference = 781FC1B32FBB8CC200EE0477 /* vivobodyTests.xctest */;
			productType = "com.apple.product-type.bundle.unit-test";
		};
		781FC1BC2FBB8CC200EE0477 /* vivobodyUITests */ = {
			isa = PBXNativeTarget;
			buildConfigurationList = 781FC1CE2FBB8CC200EE0477 /* Build configuration list for PBXNativeTarget "vivobodyUITests" */;
			buildPhases = (
				781FC1B92FBB8CC200EE0477 /* Sources */,
				781FC1BA2FBB8CC200EE0477 /* Frameworks */,
				781FC1BB2FBB8CC200EE0477 /* Resources */,
			);
			buildRules = (
			);
			dependencies = (
				781FC1BF2FBB8CC200EE0477 /* PBXTargetDependency */,
			);
			fileSystemSynchronizedGroups = (
				781FC1C02FBB8CC200EE0477 /* vivobodyUITests */,
			);
			name = vivobodyUITests;
			packageProductDependencies = (
			);
			productName = vivobodyUITests;
			productReference = 781FC1BD2FBB8CC200EE0477 /* vivobodyUITests.xctest */;
			productType = "com.apple.product-type.bundle.ui-testing";
		};
		F62DDA2F8BF844CABA5A477F /* vivobodyWidgets */ = {
			isa = PBXNativeTarget;
			buildConfigurationList = E68BEA9AF6B147B49D70D95F /* Build configuration list for PBXNativeTarget "vivobodyWidgets" */;
			buildPhases = (
				6B32D2D5CE894911A542B070 /* Sources */,
				B03FB967DA07472DBE11DE18 /* Frameworks */,
				6CC8A04FD75C4141968FB116 /* Resources */,
			);
			buildRules = (
			);
			dependencies = (
			);
			fileSystemSynchronizedGroups = (
				33EBD939611D487DBC7134F4 /* vivobodyWidgets */,
			);
			name = vivobodyWidgets;
			packageProductDependencies = (
				A1B2C3D4E5F6A1B2C3D40003 /* VivoKit */,
			);
			productName = vivobodyWidgets;
			productReference = 67F2DBE5F8214A8F82FC470B /* vivobodyWidgets.appex */;
			productType = "com.apple.product-type.app-extension";
		};
/* End PBXNativeTarget section */

/* Begin PBXProject section */
		781FC19A2FBB8CC000EE0477 /* Project object */ = {
			isa = PBXProject;
			attributes = {
				BuildIndependentTargetsInParallel = 1;
				LastSwiftUpdateCheck = 2640;
				LastUpgradeCheck = 2650;
				TargetAttributes = {
					781FC1A12FBB8CC000EE0477 = {
						CreatedOnToolsVersion = 26.4;
					};
					781FC1B22FBB8CC200EE0477 = {
						CreatedOnToolsVersion = 26.4;
						TestTargetID = 781FC1A12FBB8CC000EE0477;
					};
					781FC1BC2FBB8CC200EE0477 = {
						CreatedOnToolsVersion = 26.4;
						TestTargetID = 781FC1A12FBB8CC000EE0477;
					};
					F62DDA2F8BF844CABA5A477F = {
						CreatedOnToolsVersion = 26.4;
					};
				};
			};
			buildConfigurationList = 781FC19D2FBB8CC000EE0477 /* Build configuration list for PBXProject "vivobody" */;
			developmentRegion = en;
			hasScannedForEncodings = 0;
			knownRegions = (
				en,
				Base,
			);
			mainGroup = 781FC1992FBB8CC000EE0477;
			minimizedProjectReferenceProxies = 1;
			packageReferences = (
				A1B2C3D4E5F6A1B2C3D40001 /* XCLocalSwiftPackageReference "VivoKit" */,
			);
			preferredProjectObjectVersion = 77;
			productRefGroup = 781FC1A32FBB8CC000EE0477 /* Products */;
			projectDirPath = "";
			projectRoot = "";
			targets = (
				781FC1A12FBB8CC000EE0477 /* vivobody */,
				F62DDA2F8BF844CABA5A477F /* vivobodyWidgets */,
				781FC1B22FBB8CC200EE0477 /* vivobodyTests */,
				781FC1BC2FBB8CC200EE0477 /* vivobodyUITests */,
			);
		};
/* End PBXProject section */

/* Begin PBXResourcesBuildPhase section */
		6CC8A04FD75C4141968FB116 /* Resources */ = {
			isa = PBXResourcesBuildPhase;
			buildActionMask = 2147483647;
			files = (
			);
			runOnlyForDeploymentPostprocessing = 0;
		};
		781FC1A02FBB8CC000EE0477 /* Resources */ = {
			isa = PBXResourcesBuildPhase;
			buildActionMask = 2147483647;
			files = (
			);
			runOnlyForDeploymentPostprocessing = 0;
		};
		781FC1B12FBB8CC200EE0477 /* Resources */ = {
			isa = PBXResourcesBuildPhase;
			buildActionMask = 2147483647;
			files = (
			);
			runOnlyForDeploymentPostprocessing = 0;
		};
		781FC1BB2FBB8CC200EE0477 /* Resources */ = {
			isa = PBXResourcesBuildPhase;
			buildActionMask = 2147483647;
			files = (
			);
			runOnlyForDeploymentPostprocessing = 0;
		};
/* End PBXResourcesBuildPhase section */

/* Begin PBXSourcesBuildPhase section */
		6B32D2D5CE894911A542B070 /* Sources */ = {
			isa = PBXSourcesBuildPhase;
			buildActionMask = 2147483647;
			files = (
			);
			runOnlyForDeploymentPostprocessing = 0;
		};
		781FC19E2FBB8CC000EE0477 /* Sources */ = {
			isa = PBXSourcesBuildPhase;
			buildActionMask = 2147483647;
			files = (
			);
			runOnlyForDeploymentPostprocessing = 0;
		};
		781FC1AF2FBB8CC200EE0477 /* Sources */ = {
			isa = PBXSourcesBuildPhase;
			buildActionMask = 2147483647;
			files = (
			);
			runOnlyForDeploymentPostprocessing = 0;
		};
		781FC1B92FBB8CC200EE0477 /* Sources */ = {
			isa = PBXSourcesBuildPhase;
			buildActionMask = 2147483647;
			files = (
			);
			runOnlyForDeploymentPostprocessing = 0;
		};
/* End PBXSourcesBuildPhase section */

/* Begin PBXTargetDependency section */
		781FC1B52FBB8CC200EE0477 /* PBXTargetDependency */ = {
			isa = PBXTargetDependency;
			target = 781FC1A12FBB8CC000EE0477 /* vivobody */;
			targetProxy = 781FC1B42FBB8CC200EE0477 /* PBXContainerItemProxy */;
		};
		781FC1BF2FBB8CC200EE0477 /* PBXTargetDependency */ = {
			isa = PBXTargetDependency;
			target = 781FC1A12FBB8CC000EE0477 /* vivobody */;
			targetProxy = 781FC1BE2FBB8CC200EE0477 /* PBXContainerItemProxy */;
		};
		96B98A14C16E477F99B5A6E0 /* PBXTargetDependency */ = {
			isa = PBXTargetDependency;
			target = F62DDA2F8BF844CABA5A477F /* vivobodyWidgets */;
			targetProxy = 2C5296B6FFE84908A6ACAC63 /* PBXContainerItemProxy */;
		};
/* End PBXTargetDependency section */

/* Begin XCBuildConfiguration section */
		2CBDF98EB27C43D7A1FA8047 /* Debug */ = {
			isa = XCBuildConfiguration;
			baseConfigurationReference = E1F2A3B4C5D6E7F8A9B0C1D2 /* Shared.xcconfig */;
			buildSettings = {
				APPLICATION_EXTENSION_API_ONLY = YES;
				CODE_SIGN_ENTITLEMENTS = vivobodyWidgets/vivobodyWidgets.entitlements;
				CODE_SIGN_STYLE = Automatic;
				DEVELOPMENT_TEAM = 9ALX28GU6P;
				ENABLE_PREVIEWS = YES;
				GENERATE_INFOPLIST_FILE = YES;
				INFOPLIST_FILE = vivobodyWidgets/Info.plist;
				INFOPLIST_KEY_CFBundleDisplayName = Vivobody;
				LD_RUNPATH_SEARCH_PATHS = (
					"$(inherited)",
					"@executable_path/Frameworks",
					"@executable_path/../../Frameworks",
				);
				PRODUCT_BUNDLE_IDENTIFIER = astanciu.vivobody.app.widgets;
				PRODUCT_NAME = "$(TARGET_NAME)";
				SKIP_INSTALL = YES;
				STRING_CATALOG_GENERATE_SYMBOLS = YES;
				SUPPORTED_PLATFORMS = "iphoneos iphonesimulator";
				SUPPORTS_MACCATALYST = NO;
				SUPPORTS_MAC_DESIGNED_FOR_IPHONE_IPAD = NO;
				SUPPORTS_XR_DESIGNED_FOR_IPHONE_IPAD = NO;
				SWIFT_APPROACHABLE_CONCURRENCY = YES;
				SWIFT_DEFAULT_ACTOR_ISOLATION = MainActor;
				SWIFT_EMIT_LOC_STRINGS = YES;
				SWIFT_UPCOMING_FEATURE_MEMBER_IMPORT_VISIBILITY = YES;
				SWIFT_VERSION = 6.0;
				TARGETED_DEVICE_FAMILY = 1;
			};
			name = Debug;
		};
		781FC1C72FBB8CC200EE0477 /* Debug */ = {
			isa = XCBuildConfiguration;
			baseConfigurationReference = E1F2A3B4C5D6E7F8A9B0C1D2 /* Shared.xcconfig */;
			buildSettings = {
				ASSETCATALOG_COMPILER_APPICON_NAME = logo;
				ASSETCATALOG_COMPILER_GLOBAL_ACCENT_COLOR_NAME = AccentColor;
				CODE_SIGN_ENTITLEMENTS = vivobody/vivobody.entitlements;
				CODE_SIGN_STYLE = Automatic;
				DEVELOPMENT_TEAM = 9ALX28GU6P;
				ENABLE_PREVIEWS = YES;
				GENERATE_INFOPLIST_FILE = YES;
				INFOPLIST_FILE = vivobody/Info.plist;
				INFOPLIST_KEY_CFBundleDisplayName = Vivobody;
				INFOPLIST_KEY_UIApplicationSceneManifest_Generation = YES;
				INFOPLIST_KEY_UIApplicationSupportsIndirectInputEvents = YES;
				INFOPLIST_KEY_UISupportedInterfaceOrientations = UIInterfaceOrientationPortrait;
				LD_RUNPATH_SEARCH_PATHS = (
					"$(inherited)",
					"@executable_path/Frameworks",
				);
				PRODUCT_BUNDLE_IDENTIFIER = astanciu.vivobody.app;
				PRODUCT_NAME = "$(TARGET_NAME)";
				STRING_CATALOG_GENERATE_SYMBOLS = YES;
				SUPPORTED_PLATFORMS = "iphoneos iphonesimulator";
				SUPPORTS_MACCATALYST = NO;
				SUPPORTS_MAC_DESIGNED_FOR_IPHONE_IPAD = NO;
				SUPPORTS_XR_DESIGNED_FOR_IPHONE_IPAD = NO;
				SWIFT_APPROACHABLE_CONCURRENCY = YES;
				SWIFT_DEFAULT_ACTOR_ISOLATION = MainActor;
				SWIFT_EMIT_LOC_STRINGS = YES;
				SWIFT_UPCOMING_FEATURE_MEMBER_IMPORT_VISIBILITY = YES;
				SWIFT_VERSION = 6.0;
				TARGETED_DEVICE_FAMILY = 1;
			};
			name = Debug;
		};
		781FC1C82FBB8CC200EE0477 /* Release */ = {
			isa = XCBuildConfiguration;
			baseConfigurationReference = E1F2A3B4C5D6E7F8A9B0C1D2 /* Shared.xcconfig */;
			buildSettings = {
				ASSETCATALOG_COMPILER_APPICON_NAME = logo;
				ASSETCATALOG_COMPILER_GLOBAL_ACCENT_COLOR_NAME = AccentColor;
				CODE_SIGN_ENTITLEMENTS = vivobody/vivobody.entitlements;
				CODE_SIGN_STYLE = Automatic;
				DEVELOPMENT_TEAM = 9ALX28GU6P;
				ENABLE_PREVIEWS = YES;
				GENERATE_INFOPLIST_FILE = YES;
				INFOPLIST_FILE = vivobody/Info.plist;
				INFOPLIST_KEY_CFBundleDisplayName = Vivobody;
				INFOPLIST_KEY_UIApplicationSceneManifest_Generation = YES;
				INFOPLIST_KEY_UIApplicationSupportsIndirectInputEvents = YES;
				INFOPLIST_KEY_UISupportedInterfaceOrientations = UIInterfaceOrientationPortrait;
				LD_RUNPATH_SEARCH_PATHS = (
					"$(inherited)",
					"@executable_path/Frameworks",
				);
				PRODUCT_BUNDLE_IDENTIFIER = astanciu.vivobody.app;
				PRODUCT_NAME = "$(TARGET_NAME)";
				STRING_CATALOG_GENERATE_SYMBOLS = YES;
				SUPPORTED_PLATFORMS = "iphoneos iphonesimulator";
				SUPPORTS_MACCATALYST = NO;
				SUPPORTS_MAC_DESIGNED_FOR_IPHONE_IPAD = NO;
				SUPPORTS_XR_DESIGNED_FOR_IPHONE_IPAD = NO;
				SWIFT_APPROACHABLE_CONCURRENCY = YES;
				SWIFT_DEFAULT_ACTOR_ISOLATION = MainActor;
				SWIFT_EMIT_LOC_STRINGS = YES;
				SWIFT_UPCOMING_FEATURE_MEMBER_IMPORT_VISIBILITY = YES;
				SWIFT_VERSION = 6.0;
				TARGETED_DEVICE_FAMILY = 1;
			};
			name = Release;
		};
		781FC1C92FBB8CC200EE0477 /* Debug */ = {
			isa = XCBuildConfiguration;
			buildSettings = {
				ALWAYS_SEARCH_USER_PATHS = NO;
				ASSETCATALOG_COMPILER_GENERATE_SWIFT_ASSET_SYMBOL_EXTENSIONS = YES;
				CLANG_ANALYZER_NONNULL = YES;
				CLANG_ANALYZER_NUMBER_OBJECT_CONVERSION = YES_AGGRESSIVE;
				CLANG_CXX_LANGUAGE_STANDARD = "gnu++20";
				CLANG_ENABLE_MODULES = YES;
				CLANG_ENABLE_OBJC_ARC = YES;
				CLANG_ENABLE_OBJC_WEAK = YES;
				CLANG_WARN_BLOCK_CAPTURE_AUTORELEASING = YES;
				CLANG_WARN_BOOL_CONVERSION = YES;
				CLANG_WARN_COMMA = YES;
				CLANG_WARN_CONSTANT_CONVERSION = YES;
				CLANG_WARN_DEPRECATED_OBJC_IMPLEMENTATIONS = YES;
				CLANG_WARN_DIRECT_OBJC_ISA_USAGE = YES_ERROR;
				CLANG_WARN_DOCUMENTATION_COMMENTS = YES;
				CLANG_WARN_EMPTY_BODY = YES;
				CLANG_WARN_ENUM_CONVERSION = YES;
				CLANG_WARN_INFINITE_RECURSION = YES;
				CLANG_WARN_INT_CONVERSION = YES;
				CLANG_WARN_NON_LITERAL_NULL_CONVERSION = YES;
				CLANG_WARN_OBJC_IMPLICIT_RETAIN_SELF = YES;
				CLANG_WARN_OBJC_LITERAL_CONVERSION = YES;
				CLANG_WARN_OBJC_ROOT_CLASS = YES_ERROR;
				CLANG_WARN_QUOTED_INCLUDE_IN_FRAMEWORK_HEADER = YES;
				CLANG_WARN_RANGE_LOOP_ANALYSIS = YES;
				CLANG_WARN_STRICT_PROTOTYPES = YES;
				CLANG_WARN_SUSPICIOUS_MOVE = YES;
				CLANG_WARN_UNGUARDED_AVAILABILITY = YES_AGGRESSIVE;
				CLANG_WARN_UNREACHABLE_CODE = YES;
				CLANG_WARN__DUPLICATE_METHOD_MATCH = YES;
				COPY_PHASE_STRIP = NO;
				DEBUG_INFORMATION_FORMAT = dwarf;
				ENABLE_STRICT_OBJC_MSGSEND = YES;
				ENABLE_TESTABILITY = YES;
				ENABLE_USER_SCRIPT_SANDBOXING = YES;
				GCC_C_LANGUAGE_STANDARD = gnu17;
				GCC_DYNAMIC_NO_PIC = NO;
				GCC_NO_COMMON_BLOCKS = YES;
				GCC_OPTIMIZATION_LEVEL = 0;
				GCC_PREPROCESSOR_DEFINITIONS = (
					"DEBUG=1",
					"$(inherited)",
				);
				GCC_WARN_64_TO_32_BIT_CONVERSION = YES;
				GCC_WARN_ABOUT_RETURN_TYPE = YES_ERROR;
				GCC_WARN_UNDECLARED_SELECTOR = YES;
				GCC_WARN_UNINITIALIZED_AUTOS = YES_AGGRESSIVE;
				GCC_WARN_UNUSED_FUNCTION = YES;
				GCC_WARN_UNUSED_VARIABLE = YES;
				IPHONEOS_DEPLOYMENT_TARGET = 26.0;
				LOCALIZATION_PREFERS_STRING_CATALOGS = YES;
				MTL_ENABLE_DEBUG_INFO = INCLUDE_SOURCE;
				MTL_FAST_MATH = YES;
				ONLY_ACTIVE_ARCH = YES;
				SDKROOT = iphoneos;
				STRING_CATALOG_GENERATE_SYMBOLS = YES;
				SWIFT_ACTIVE_COMPILATION_CONDITIONS = "DEBUG $(inherited)";
				SWIFT_OPTIMIZATION_LEVEL = "-Onone";
			};
			name = Debug;
		};
		781FC1CA2FBB8CC200EE0477 /* Release */ = {
			isa = XCBuildConfiguration;
			buildSettings = {
				ALWAYS_SEARCH_USER_PATHS = NO;
				ASSETCATALOG_COMPILER_GENERATE_SWIFT_ASSET_SYMBOL_EXTENSIONS = YES;
				CLANG_ANALYZER_NONNULL = YES;
				CLANG_ANALYZER_NUMBER_OBJECT_CONVERSION = YES_AGGRESSIVE;
				CLANG_CXX_LANGUAGE_STANDARD = "gnu++20";
				CLANG_ENABLE_MODULES = YES;
				CLANG_ENABLE_OBJC_ARC = YES;
				CLANG_ENABLE_OBJC_WEAK = YES;
				CLANG_WARN_BLOCK_CAPTURE_AUTORELEASING = YES;
				CLANG_WARN_BOOL_CONVERSION = YES;
				CLANG_WARN_COMMA = YES;
				CLANG_WARN_CONSTANT_CONVERSION = YES;
				CLANG_WARN_DEPRECATED_OBJC_IMPLEMENTATIONS = YES;
				CLANG_WARN_DIRECT_OBJC_ISA_USAGE = YES_ERROR;
				CLANG_WARN_DOCUMENTATION_COMMENTS = YES;
				CLANG_WARN_EMPTY_BODY = YES;
				CLANG_WARN_ENUM_CONVERSION = YES;
				CLANG_WARN_INFINITE_RECURSION = YES;
				CLANG_WARN_INT_CONVERSION = YES;
				CLANG_WARN_NON_LITERAL_NULL_CONVERSION = YES;
				CLANG_WARN_OBJC_IMPLICIT_RETAIN_SELF = YES;
				CLANG_WARN_OBJC_LITERAL_CONVERSION = YES;
				CLANG_WARN_OBJC_ROOT_CLASS = YES_ERROR;
				CLANG_WARN_QUOTED_INCLUDE_IN_FRAMEWORK_HEADER = YES;
				CLANG_WARN_RANGE_LOOP_ANALYSIS = YES;
				CLANG_WARN_STRICT_PROTOTYPES = YES;
				CLANG_WARN_SUSPICIOUS_MOVE = YES;
				CLANG_WARN_UNGUARDED_AVAILABILITY = YES_AGGRESSIVE;
				CLANG_WARN_UNREACHABLE_CODE = YES;
				CLANG_WARN__DUPLICATE_METHOD_MATCH = YES;
				COPY_PHASE_STRIP = NO;
				DEBUG_INFORMATION_FORMAT = "dwarf-with-dsym";
				ENABLE_NS_ASSERTIONS = NO;
				ENABLE_STRICT_OBJC_MSGSEND = YES;
				ENABLE_USER_SCRIPT_SANDBOXING = YES;
				GCC_C_LANGUAGE_STANDARD = gnu17;
				GCC_NO_COMMON_BLOCKS = YES;
				GCC_WARN_64_TO_32_BIT_CONVERSION = YES;
				GCC_WARN_ABOUT_RETURN_TYPE = YES_ERROR;
				GCC_WARN_UNDECLARED_SELECTOR = YES;
				GCC_WARN_UNINITIALIZED_AUTOS = YES_AGGRESSIVE;
				GCC_WARN_UNUSED_FUNCTION = YES;
				GCC_WARN_UNUSED_VARIABLE = YES;
				IPHONEOS_DEPLOYMENT_TARGET = 26.0;
				LOCALIZATION_PREFERS_STRING_CATALOGS = YES;
				MTL_ENABLE_DEBUG_INFO = NO;
				MTL_FAST_MATH = YES;
				SDKROOT = iphoneos;
				STRING_CATALOG_GENERATE_SYMBOLS = YES;
				SWIFT_COMPILATION_MODE = wholemodule;
				VALIDATE_PRODUCT = YES;
			};
			name = Release;
		};
		781FC1CC2FBB8CC200EE0477 /* Debug */ = {
			isa = XCBuildConfiguration;
			baseConfigurationReference = E1F2A3B4C5D6E7F8A9B0C1D2 /* Shared.xcconfig */;
			buildSettings = {
				BUNDLE_LOADER = "$(TEST_HOST)";
				CODE_SIGN_STYLE = Automatic;
				GENERATE_INFOPLIST_FILE = YES;
				IPHONEOS_DEPLOYMENT_TARGET = 26.0;
				PRODUCT_BUNDLE_IDENTIFIER = astanciu.vivobodyTests;
				PRODUCT_NAME = "$(TARGET_NAME)";
				STRING_CATALOG_GENERATE_SYMBOLS = NO;
				SWIFT_APPROACHABLE_CONCURRENCY = YES;
				SWIFT_EMIT_LOC_STRINGS = NO;
				SWIFT_UPCOMING_FEATURE_MEMBER_IMPORT_VISIBILITY = YES;
				SWIFT_VERSION = 6.0;
				TARGETED_DEVICE_FAMILY = "1,2";
				TEST_HOST = "$(BUILT_PRODUCTS_DIR)/vivobody.app/$(BUNDLE_EXECUTABLE_FOLDER_PATH)/vivobody";
			};
			name = Debug;
		};
		781FC1CD2FBB8CC200EE0477 /* Release */ = {
			isa = XCBuildConfiguration;
			baseConfigurationReference = E1F2A3B4C5D6E7F8A9B0C1D2 /* Shared.xcconfig */;
			buildSettings = {
				BUNDLE_LOADER = "$(TEST_HOST)";
				CODE_SIGN_STYLE = Automatic;
				GENERATE_INFOPLIST_FILE = YES;
				IPHONEOS_DEPLOYMENT_TARGET = 26.0;
				PRODUCT_BUNDLE_IDENTIFIER = astanciu.vivobodyTests;
				PRODUCT_NAME = "$(TARGET_NAME)";
				STRING_CATALOG_GENERATE_SYMBOLS = NO;
				SWIFT_APPROACHABLE_CONCURRENCY = YES;
				SWIFT_EMIT_LOC_STRINGS = NO;
				SWIFT_UPCOMING_FEATURE_MEMBER_IMPORT_VISIBILITY = YES;
				SWIFT_VERSION = 6.0;
				TARGETED_DEVICE_FAMILY = "1,2";
				TEST_HOST = "$(BUILT_PRODUCTS_DIR)/vivobody.app/$(BUNDLE_EXECUTABLE_FOLDER_PATH)/vivobody";
			};
			name = Release;
		};
		781FC1CF2FBB8CC200EE0477 /* Debug */ = {
			isa = XCBuildConfiguration;
			baseConfigurationReference = E1F2A3B4C5D6E7F8A9B0C1D2 /* Shared.xcconfig */;
			buildSettings = {
				CODE_SIGN_STYLE = Automatic;
				GENERATE_INFOPLIST_FILE = YES;
				PRODUCT_BUNDLE_IDENTIFIER = astanciu.vivobodyUITests;
				PRODUCT_NAME = "$(TARGET_NAME)";
				STRING_CATALOG_GENERATE_SYMBOLS = NO;
				SWIFT_APPROACHABLE_CONCURRENCY = YES;
				SWIFT_EMIT_LOC_STRINGS = NO;
				SWIFT_UPCOMING_FEATURE_MEMBER_IMPORT_VISIBILITY = YES;
				SWIFT_VERSION = 6.0;
				TARGETED_DEVICE_FAMILY = "1,2";
				TEST_TARGET_NAME = vivobody;
			};
			name = Debug;
		};
		781FC1D02FBB8CC200EE0477 /* Release */ = {
			isa = XCBuildConfiguration;
			baseConfigurationReference = E1F2A3B4C5D6E7F8A9B0C1D2 /* Shared.xcconfig */;
			buildSettings = {
				CODE_SIGN_STYLE = Automatic;
				GENERATE_INFOPLIST_FILE = YES;
				PRODUCT_BUNDLE_IDENTIFIER = astanciu.vivobodyUITests;
				PRODUCT_NAME = "$(TARGET_NAME)";
				STRING_CATALOG_GENERATE_SYMBOLS = NO;
				SWIFT_APPROACHABLE_CONCURRENCY = YES;
				SWIFT_EMIT_LOC_STRINGS = NO;
				SWIFT_UPCOMING_FEATURE_MEMBER_IMPORT_VISIBILITY = YES;
				SWIFT_VERSION = 6.0;
				TARGETED_DEVICE_FAMILY = "1,2";
				TEST_TARGET_NAME = vivobody;
			};
			name = Release;
		};
		DEB4D7ADE0F84D0AAD9CD942 /* Release */ = {
			isa = XCBuildConfiguration;
			baseConfigurationReference = E1F2A3B4C5D6E7F8A9B0C1D2 /* Shared.xcconfig */;
			buildSettings = {
				APPLICATION_EXTENSION_API_ONLY = YES;
				CODE_SIGN_ENTITLEMENTS = vivobodyWidgets/vivobodyWidgets.entitlements;
				CODE_SIGN_STYLE = Automatic;
				DEVELOPMENT_TEAM = 9ALX28GU6P;
				ENABLE_PREVIEWS = YES;
				GENERATE_INFOPLIST_FILE = YES;
				INFOPLIST_FILE = vivobodyWidgets/Info.plist;
				INFOPLIST_KEY_CFBundleDisplayName = Vivobody;
				LD_RUNPATH_SEARCH_PATHS = (
					"$(inherited)",
					"@executable_path/Frameworks",
					"@executable_path/../../Frameworks",
				);
				PRODUCT_BUNDLE_IDENTIFIER = astanciu.vivobody.app.widgets;
				PRODUCT_NAME = "$(TARGET_NAME)";
				SKIP_INSTALL = YES;
				STRING_CATALOG_GENERATE_SYMBOLS = YES;
				SUPPORTED_PLATFORMS = "iphoneos iphonesimulator";
				SUPPORTS_MACCATALYST = NO;
				SUPPORTS_MAC_DESIGNED_FOR_IPHONE_IPAD = NO;
				SUPPORTS_XR_DESIGNED_FOR_IPHONE_IPAD = NO;
				SWIFT_APPROACHABLE_CONCURRENCY = YES;
				SWIFT_DEFAULT_ACTOR_ISOLATION = MainActor;
				SWIFT_EMIT_LOC_STRINGS = YES;
				SWIFT_UPCOMING_FEATURE_MEMBER_IMPORT_VISIBILITY = YES;
				SWIFT_VERSION = 6.0;
				TARGETED_DEVICE_FAMILY = 1;
			};
			name = Release;
		};
/* End XCBuildConfiguration section */

/* Begin XCConfigurationList section */
		781FC19D2FBB8CC000EE0477 /* Build configuration list for PBXProject "vivobody" */ = {
			isa = XCConfigurationList;
			buildConfigurations = (
				781FC1C92FBB8CC200EE0477 /* Debug */,
				781FC1CA2FBB8CC200EE0477 /* Release */,
			);
			defaultConfigurationIsVisible = 0;
			defaultConfigurationName = Release;
		};
		781FC1C62FBB8CC200EE0477 /* Build configuration list for PBXNativeTarget "vivobody" */ = {
			isa = XCConfigurationList;
			buildConfigurations = (
				781FC1C72FBB8CC200EE0477 /* Debug */,
				781FC1C82FBB8CC200EE0477 /* Release */,
			);
			defaultConfigurationIsVisible = 0;
			defaultConfigurationName = Release;
		};
		781FC1CB2FBB8CC200EE0477 /* Build configuration list for PBXNativeTarget "vivobodyTests" */ = {
			isa = XCConfigurationList;
			buildConfigurations = (
				781FC1CC2FBB8CC200EE0477 /* Debug */,
				781FC1CD2FBB8CC200EE0477 /* Release */,
			);
			defaultConfigurationIsVisible = 0;
			defaultConfigurationName = Release;
		};
		781FC1CE2FBB8CC200EE0477 /* Build configuration list for PBXNativeTarget "vivobodyUITests" */ = {
			isa = XCConfigurationList;
			buildConfigurations = (
				781FC1CF2FBB8CC200EE0477 /* Debug */,
				781FC1D02FBB8CC200EE0477 /* Release */,
			);
			defaultConfigurationIsVisible = 0;
			defaultConfigurationName = Release;
		};
		E68BEA9AF6B147B49D70D95F /* Build configuration list for PBXNativeTarget "vivobodyWidgets" */ = {
			isa = XCConfigurationList;
			buildConfigurations = (
				2CBDF98EB27C43D7A1FA8047 /* Debug */,
				DEB4D7ADE0F84D0AAD9CD942 /* Release */,
			);
			defaultConfigurationIsVisible = 0;
			defaultConfigurationName = Release;
		};
/* End XCConfigurationList section */

/* Begin XCLocalSwiftPackageReference section */
		A1B2C3D4E5F6A1B2C3D40001 /* XCLocalSwiftPackageReference "VivoKit" */ = {
			isa = XCLocalSwiftPackageReference;
			relativePath = VivoKit;
		};
/* End XCLocalSwiftPackageReference section */

/* Begin XCSwiftPackageProductDependency section */
		A1B2C3D4E5F6A1B2C3D40002 /* VivoKit */ = {
			isa = XCSwiftPackageProductDependency;
			package = A1B2C3D4E5F6A1B2C3D40001 /* XCLocalSwiftPackageReference "VivoKit" */;
			productName = VivoKit;
		};
		A1B2C3D4E5F6A1B2C3D40003 /* VivoKit */ = {
			isa = XCSwiftPackageProductDependency;
			package = A1B2C3D4E5F6A1B2C3D40001 /* XCLocalSwiftPackageReference "VivoKit" */;
			productName = VivoKit;
		};
/* End XCSwiftPackageProductDependency section */
	};
	rootObject = 781FC19A2FBB8CC000EE0477 /* Project object */;
}
